
Microsoft Visual Studio Solution File, Format Version 12.00
# Visual Studio Version 17
VisualStudioVersion = 17.13.35818.85 d17.13
MinimumVisualStudioVersion = 10.0.40219.1
Project("{FAE04EC0-301F-11D3-BF4B-00C04F79EFBC}") = "AIHubTaskDashboard", "AIHubTaskDashboard\AIHubTaskDashboard.csproj", "{D0BABE69-B883-4C69-A4B4-956DD042DDE0}"
EndProject
Global
	GlobalSection(SolutionConfigurationPlatforms) = preSolution
		Debug|Any CPU = Debug|Any CPU
		Release|Any CPU = Release|Any CPU
	EndGlobalSection
	GlobalSection(ProjectConfigurationPlatforms) = postSolution
		{D0BABE69-B883-4C69-A4B4-956DD042DDE0}.Debug|Any CPU.ActiveCfg = Debug|Any CPU
		{D0BABE69-B883-4C69-A4B4-956DD042DDE0}.Debug|Any CPU.Build.0 = Debug|Any CPU
		{D0BABE69-B883-4C69-A4B4-956DD042DDE0}.Release|Any CPU.ActiveCfg = Release|Any CPU
		{D0BABE69-B883-4C69-A4B4-956DD042DDE0}.Release|Any CPU.Build.0 = Release|Any CPU
	EndGlobalSection
	GlobalSection(SolutionProperties) = preSolution
		HideSolutionNode = FALSE
	EndGlobalSection
	GlobalSection(ExtensibilityGlobals) = postSolution
		SolutionGuid = {FBB4A219-9250-48F1-9330-C288BC3B6689}
	EndGlobalSection
EndGlobal
